
Microsoft Visual Studio Solution File, Format Version 12.00
# Visual Studio 2012
Project("{2150E333-8FDC-42A3-9474-1A3956D46DE8}") = "Registry", "Registry", "{8DFD086E-ABD6-4500-B9CB-485BE2CF7E70}"
EndProject
Project("{FAE04EC0-301F-11D3-BF4B-00C04F79EFBC}") = "OpenStory.Services", "Registry\OpenStory.Services\OpenStory.Services.csproj", "{A53768F4-B0EC-4873-A127-171A15B63663}"
EndProject
Project("{FAE04EC0-301F-11D3-BF4B-00C04F79EFBC}") = "OpenStory.Services.Management", "Management\OpenStory.Services.Management\OpenStory.Services.Management.csproj", "{244428B5-6322-4C50-B553-CDACA18B1720}"
EndProject
Global
	GlobalSection(SolutionConfigurationPlatforms) = preSolution
		Debug|Any CPU = Debug|Any CPU
		Release|Any CPU = Release|Any CPU
	EndGlobalSection
	GlobalSection(ProjectConfigurationPlatforms) = postSolution
		{A53768F4-B0EC-4873-A127-171A15B63663}.Debug|Any CPU.ActiveCfg = Debug|Any CPU
		{A53768F4-B0EC-4873-A127-171A15B63663}.Debug|Any CPU.Build.0 = Debug|Any CPU
		{A53768F4-B0EC-4873-A127-171A15B63663}.Release|Any CPU.ActiveCfg = Release|Any CPU
		{A53768F4-B0EC-4873-A127-171A15B63663}.Release|Any CPU.Build.0 = Release|Any CPU
		{244428B5-6322-4C50-B553-CDACA18B1720}.Debug|Any CPU.ActiveCfg = Debug|Any CPU
		{244428B5-6322-4C50-B553-CDACA18B1720}.Debug|Any CPU.Build.0 = Debug|Any CPU
		{244428B5-6322-4C50-B553-CDACA18B1720}.Release|Any CPU.ActiveCfg = Release|Any CPU
		{244428B5-6322-4C50-B553-CDACA18B1720}.Release|Any CPU.Build.0 = Release|Any CPU
	EndGlobalSection
	GlobalSection(SolutionProperties) = preSolution
		HideSolutionNode = FALSE
	EndGlobalSection
	GlobalSection(NestedProjects) = preSolution
		{A53768F4-B0EC-4873-A127-171A15B63663} = {8DFD086E-ABD6-4500-B9CB-485BE2CF7E70}
	EndGlobalSection
EndGlobal
