
Microsoft Visual Studio Solution File, Format Version 12.00
# Visual Studio 2013
VisualStudioVersion = 12.0.30110.0
MinimumVisualStudioVersion = 10.0.40219.1
Project("{FAE04EC0-301F-11D3-BF4B-00C04F79EFBC}") = "OpenStory", "Core\OpenStory\OpenStory.csproj", "{5BEF25E3-9B8F-4E67-8B95-5DD39520D60E}"
EndProject
Project("{FAE04EC0-301F-11D3-BF4B-00C04F79EFBC}") = "OpenStory.Server", "Server\OpenStory.Server\OpenStory.Server.csproj", "{3721A66E-426F-4EC8-A360-4F97C95D6A03}"
EndProject
Project("{FAE04EC0-301F-11D3-BF4B-00C04F79EFBC}") = "OpenStory.Server.Auth", "Server\OpenStory.Server.Auth\OpenStory.Server.Auth.csproj", "{6257C10F-74BB-4948-8BC1-3F867488044B}"
EndProject
Project("{FAE04EC0-301F-11D3-BF4B-00C04F79EFBC}") = "OpenStory.Server.Channel", "Server\OpenStory.Server.Channel\OpenStory.Server.Channel.csproj", "{D98D189A-C0C1-4BC4-B79F-DC2E872C2763}"
EndProject
Project("{FAE04EC0-301F-11D3-BF4B-00C04F79EFBC}") = "OpenStory.Server.World", "Server\OpenStory.Server.World\OpenStory.Server.World.csproj", "{1AC44EC2-6C35-491E-9DCB-48E1AAA53BD9}"
EndProject
Project("{FAE04EC0-301F-11D3-BF4B-00C04F79EFBC}") = "OpenStory.Services.Account", "Server\OpenStory.Services.Accounts\OpenStory.Services.Account.csproj", "{B6D886F5-9107-445C-BCF5-D3E8D8E5AE25}"
EndProject
Project("{FAE04EC0-301F-11D3-BF4B-00C04F79EFBC}") = "OpenStory.Services.Auth", "Server\OpenStory.Services.Auth\OpenStory.Services.Auth.csproj", "{8541F0DD-C79A-48CD-972C-96BC7AD29AB8}"
EndProject
Project("{2150E333-8FDC-42A3-9474-1A3956D46DE8}") = "Core", "Core", "{188781E4-56DE-428F-BCB8-AB3885C29E09}"
	ProjectSection(SolutionItems) = preProject
		readme.md = readme.md
	EndProjectSection
EndProject
Project("{2150E333-8FDC-42A3-9474-1A3956D46DE8}") = "Server", "Server", "{F2A0CB9A-0ED6-48CC-BF17-72832BC5561C}"
EndProject
Project("{2150E333-8FDC-42A3-9474-1A3956D46DE8}") = "Tools", "Tools", "{23E5ECA0-603F-45D4-876F-BAD5F301AAB2}"
EndProject
Project("{2150E333-8FDC-42A3-9474-1A3956D46DE8}") = "Tests", "Tests", "{BFD6A218-CA60-405F-BF00-FC92A2D6A44A}"
EndProject
Project("{2150E333-8FDC-42A3-9474-1A3956D46DE8}") = "Core", "Core", "{13627D1D-E8CE-4E14-A296-69C54BFCE3FA}"
EndProject
Project("{2150E333-8FDC-42A3-9474-1A3956D46DE8}") = "Framework", "Framework", "{D7CA7219-9161-4959-AD10-6C2239E28F97}"
EndProject
Project("{FAE04EC0-301F-11D3-BF4B-00C04F79EFBC}") = "OpenStory.Framework.Model.Common", "Server\OpenStory.Framework.Model.Common\OpenStory.Framework.Model.Common.csproj", "{5CBA0518-887C-49F2-849D-2A8C3DF0D100}"
EndProject
Project("{FAE04EC0-301F-11D3-BF4B-00C04F79EFBC}") = "OpenStory.Framework.Contracts", "Server\OpenStory.Framework.Contracts\OpenStory.Framework.Contracts.csproj", "{FC8261B2-7829-4496-8441-9EA004B950A8}"
EndProject
Project("{FAE04EC0-301F-11D3-BF4B-00C04F79EFBC}") = "OpenStory.Framework.Model.Auth", "Server\OpenStory.Framework.Model.Auth\OpenStory.Framework.Model.Auth.csproj", "{5FEA929B-DFB3-4449-837C-751BD9AC5773}"
EndProject
Project("{FAE04EC0-301F-11D3-BF4B-00C04F79EFBC}") = "OpenStory.Tests", "Tests\OpenStory.Tests\OpenStory.Tests.csproj", "{00377B2D-2B42-4E62-9E71-3E8DB82DE7F6}"
EndProject
Project("{2150E333-8FDC-42A3-9474-1A3956D46DE8}") = "Contracts", "Contracts", "{DFDB0935-CACD-40B1-B5BD-58F382EA8319}"
EndProject
Project("{2150E333-8FDC-42A3-9474-1A3956D46DE8}") = "Server", "Server", "{8DE5C167-C52F-4B05-90E7-2A39175F9BF0}"
EndProject
Project("{FAE04EC0-301F-11D3-BF4B-00C04F79EFBC}") = "OpenStory.Server.Tests", "Tests\OpenStory.Server.Tests\OpenStory.Server.Tests.csproj", "{97F77F11-3081-4088-AD82-68D84BC783F5}"
EndProject
Project("{2150E333-8FDC-42A3-9474-1A3956D46DE8}") = "Framework", "Framework", "{5AC1D61B-B9B3-4F5B-B3B4-CE20ADA55147}"
EndProject
Project("{2150E333-8FDC-42A3-9474-1A3956D46DE8}") = "Contracts", "Contracts", "{202B7542-B154-47DB-A4EA-2EF22BE47E0E}"
EndProject
Project("{FAE04EC0-301F-11D3-BF4B-00C04F79EFBC}") = "OpenStory.Framework.Contracts.Tests", "Tests\OpenStory.Framework.Contracts.Tests\OpenStory.Framework.Contracts.Tests.csproj", "{772133AC-4C6E-4E72-8AFD-F52622C4D0BE}"
EndProject
Project("{FAE04EC0-301F-11D3-BF4B-00C04F79EFBC}") = "OpenStory.Services.Registry", "Registry\OpenStory.Services.Registry\OpenStory.Services.Registry.csproj", "{6648124A-31D9-45D5-A575-6B92FEEB3200}"
EndProject
Project("{FAE04EC0-301F-11D3-BF4B-00C04F79EFBC}") = "OpenStory.Services.Contracts", "Server\OpenStory.Services.Contracts\OpenStory.Services.Contracts.csproj", "{93C606D9-CF3F-4747-88A4-10A6A723462A}"
EndProject
Project("{FAE04EC0-301F-11D3-BF4B-00C04F79EFBC}") = "OpenStory.Services.Wcf", "Server\OpenStory.Services.Wcf\OpenStory.Services.Wcf.csproj", "{9FE66271-2003-4D9C-A90A-2A8EF6300508}"
EndProject
Project("{2150E333-8FDC-42A3-9474-1A3956D46DE8}") = "Account", "Account", "{AB2A5F1B-B1EA-4730-B362-41822FCA9A7F}"
EndProject
Project("{FAE04EC0-301F-11D3-BF4B-00C04F79EFBC}") = "OpenStory.Server.Account.Tests", "Tests\OpenStory.Server.Account.Tests\OpenStory.Server.Account.Tests.csproj", "{92DABC4D-95B7-4869-ABB9-8B5D453575FB}"
EndProject
Project("{FAE04EC0-301F-11D3-BF4B-00C04F79EFBC}") = "OpenStory.Tests.Helpers", "Tests\OpenStory.Tests.Helpers\OpenStory.Tests.Helpers.csproj", "{E4CB15FD-2BA9-47E9-84B5-8D7B18FF5B3F}"
EndProject
Project("{2150E333-8FDC-42A3-9474-1A3956D46DE8}") = "Integration", "Integration", "{253F4716-AFB9-4FE0-8E4E-278978C292BE}"
EndProject
Project("{FAE04EC0-301F-11D3-BF4B-00C04F79EFBC}") = "OpenStory.Tests.Integration", "Tests\OpenStory.Tests.Integration\OpenStory.Tests.Integration.csproj", "{8E94FAF8-D9D4-47E2-A98A-7EB04643C6F1}"
EndProject
Project("{FAE04EC0-301F-11D3-BF4B-00C04F79EFBC}") = "OpenStory.Services.Channel", "Server\OpenStory.Services.Channel\OpenStory.Services.Channel.csproj", "{F129289B-8BD2-4B5F-84B6-B28FC3A3CDA5}"
EndProject
Project("{FAE04EC0-301F-11D3-BF4B-00C04F79EFBC}") = "OpenStory.Server.Accounts", "Server\OpenStory.Server.Accounts\OpenStory.Server.Accounts.csproj", "{52F6F826-316F-40E1-883A-CCA7CCFAFEED}"
EndProject
Project("{2150E333-8FDC-42A3-9474-1A3956D46DE8}") = "Wcf", "Wcf", "{2AD22933-1132-47CF-BA90-076588ACD1E1}"
EndProject
Project("{FAE04EC0-301F-11D3-BF4B-00C04F79EFBC}") = "OpenStory.Server.Nexus", "Server\OpenStory.Server.Nexus\OpenStory.Server.Nexus.csproj", "{EFDB7CF6-E75D-407D-9E47-1AABA9F91A2D}"
EndProject
Project("{2150E333-8FDC-42A3-9474-1A3956D46DE8}") = "Simple", "Simple", "{C3090B7C-581B-45AF-9961-388260CC6B2E}"
EndProject
Project("{FAE04EC0-301F-11D3-BF4B-00C04F79EFBC}") = "OpenStory.Services.Simple", "Server\OpenStory.Services.Simple\OpenStory.Services.Simple.csproj", "{734C8A53-6980-4022-A9F8-71FDADFFEE50}"
EndProject
Project("{2150E333-8FDC-42A3-9474-1A3956D46DE8}") = ".nuget", ".nuget", "{1E3D36DF-3D8C-4F53-8B27-F4B9F13C8373}"
	ProjectSection(SolutionItems) = preProject
		.nuget\NuGet.Config = .nuget\NuGet.Config
		.nuget\NuGet.exe = .nuget\NuGet.exe
		.nuget\NuGet.targets = .nuget\NuGet.targets
	EndProjectSection
EndProject
Global
	GlobalSection(SolutionConfigurationPlatforms) = preSolution
		Debug|Any CPU = Debug|Any CPU
		Release|Any CPU = Release|Any CPU
	EndGlobalSection
	GlobalSection(ProjectConfigurationPlatforms) = postSolution
		{5BEF25E3-9B8F-4E67-8B95-5DD39520D60E}.Debug|Any CPU.ActiveCfg = Debug|Any CPU
		{5BEF25E3-9B8F-4E67-8B95-5DD39520D60E}.Debug|Any CPU.Build.0 = Debug|Any CPU
		{5BEF25E3-9B8F-4E67-8B95-5DD39520D60E}.Release|Any CPU.ActiveCfg = Release|Any CPU
		{5BEF25E3-9B8F-4E67-8B95-5DD39520D60E}.Release|Any CPU.Build.0 = Release|Any CPU
		{3721A66E-426F-4EC8-A360-4F97C95D6A03}.Debug|Any CPU.ActiveCfg = Debug|Any CPU
		{3721A66E-426F-4EC8-A360-4F97C95D6A03}.Debug|Any CPU.Build.0 = Debug|Any CPU
		{3721A66E-426F-4EC8-A360-4F97C95D6A03}.Release|Any CPU.ActiveCfg = Release|Any CPU
		{3721A66E-426F-4EC8-A360-4F97C95D6A03}.Release|Any CPU.Build.0 = Release|Any CPU
		{6257C10F-74BB-4948-8BC1-3F867488044B}.Debug|Any CPU.ActiveCfg = Debug|Any CPU
		{6257C10F-74BB-4948-8BC1-3F867488044B}.Debug|Any CPU.Build.0 = Debug|Any CPU
		{6257C10F-74BB-4948-8BC1-3F867488044B}.Release|Any CPU.ActiveCfg = Release|Any CPU
		{6257C10F-74BB-4948-8BC1-3F867488044B}.Release|Any CPU.Build.0 = Release|Any CPU
		{D98D189A-C0C1-4BC4-B79F-DC2E872C2763}.Debug|Any CPU.ActiveCfg = Debug|Any CPU
		{D98D189A-C0C1-4BC4-B79F-DC2E872C2763}.Debug|Any CPU.Build.0 = Debug|Any CPU
		{D98D189A-C0C1-4BC4-B79F-DC2E872C2763}.Release|Any CPU.ActiveCfg = Release|Any CPU
		{D98D189A-C0C1-4BC4-B79F-DC2E872C2763}.Release|Any CPU.Build.0 = Release|Any CPU
		{1AC44EC2-6C35-491E-9DCB-48E1AAA53BD9}.Debug|Any CPU.ActiveCfg = Debug|Any CPU
		{1AC44EC2-6C35-491E-9DCB-48E1AAA53BD9}.Debug|Any CPU.Build.0 = Debug|Any CPU
		{1AC44EC2-6C35-491E-9DCB-48E1AAA53BD9}.Release|Any CPU.ActiveCfg = Release|Any CPU
		{1AC44EC2-6C35-491E-9DCB-48E1AAA53BD9}.Release|Any CPU.Build.0 = Release|Any CPU
		{B6D886F5-9107-445C-BCF5-D3E8D8E5AE25}.Debug|Any CPU.ActiveCfg = Debug|Any CPU
		{B6D886F5-9107-445C-BCF5-D3E8D8E5AE25}.Debug|Any CPU.Build.0 = Debug|Any CPU
		{B6D886F5-9107-445C-BCF5-D3E8D8E5AE25}.Release|Any CPU.ActiveCfg = Release|Any CPU
		{B6D886F5-9107-445C-BCF5-D3E8D8E5AE25}.Release|Any CPU.Build.0 = Release|Any CPU
		{8541F0DD-C79A-48CD-972C-96BC7AD29AB8}.Debug|Any CPU.ActiveCfg = Debug|Any CPU
		{8541F0DD-C79A-48CD-972C-96BC7AD29AB8}.Debug|Any CPU.Build.0 = Debug|Any CPU
		{8541F0DD-C79A-48CD-972C-96BC7AD29AB8}.Release|Any CPU.ActiveCfg = Release|Any CPU
		{8541F0DD-C79A-48CD-972C-96BC7AD29AB8}.Release|Any CPU.Build.0 = Release|Any CPU
		{5CBA0518-887C-49F2-849D-2A8C3DF0D100}.Debug|Any CPU.ActiveCfg = Debug|Any CPU
		{5CBA0518-887C-49F2-849D-2A8C3DF0D100}.Debug|Any CPU.Build.0 = Debug|Any CPU
		{5CBA0518-887C-49F2-849D-2A8C3DF0D100}.Release|Any CPU.ActiveCfg = Release|Any CPU
		{5CBA0518-887C-49F2-849D-2A8C3DF0D100}.Release|Any CPU.Build.0 = Release|Any CPU
		{FC8261B2-7829-4496-8441-9EA004B950A8}.Debug|Any CPU.ActiveCfg = Debug|Any CPU
		{FC8261B2-7829-4496-8441-9EA004B950A8}.Debug|Any CPU.Build.0 = Debug|Any CPU
		{FC8261B2-7829-4496-8441-9EA004B950A8}.Release|Any CPU.ActiveCfg = Release|Any CPU
		{FC8261B2-7829-4496-8441-9EA004B950A8}.Release|Any CPU.Build.0 = Release|Any CPU
		{5FEA929B-DFB3-4449-837C-751BD9AC5773}.Debug|Any CPU.ActiveCfg = Debug|Any CPU
		{5FEA929B-DFB3-4449-837C-751BD9AC5773}.Debug|Any CPU.Build.0 = Debug|Any CPU
		{5FEA929B-DFB3-4449-837C-751BD9AC5773}.Release|Any CPU.ActiveCfg = Release|Any CPU
		{5FEA929B-DFB3-4449-837C-751BD9AC5773}.Release|Any CPU.Build.0 = Release|Any CPU
		{00377B2D-2B42-4E62-9E71-3E8DB82DE7F6}.Debug|Any CPU.ActiveCfg = Debug|Any CPU
		{00377B2D-2B42-4E62-9E71-3E8DB82DE7F6}.Debug|Any CPU.Build.0 = Debug|Any CPU
		{00377B2D-2B42-4E62-9E71-3E8DB82DE7F6}.Release|Any CPU.ActiveCfg = Release|Any CPU
		{00377B2D-2B42-4E62-9E71-3E8DB82DE7F6}.Release|Any CPU.Build.0 = Release|Any CPU
		{97F77F11-3081-4088-AD82-68D84BC783F5}.Debug|Any CPU.ActiveCfg = Debug|Any CPU
		{97F77F11-3081-4088-AD82-68D84BC783F5}.Debug|Any CPU.Build.0 = Debug|Any CPU
		{97F77F11-3081-4088-AD82-68D84BC783F5}.Release|Any CPU.ActiveCfg = Release|Any CPU
		{97F77F11-3081-4088-AD82-68D84BC783F5}.Release|Any CPU.Build.0 = Release|Any CPU
		{772133AC-4C6E-4E72-8AFD-F52622C4D0BE}.Debug|Any CPU.ActiveCfg = Debug|Any CPU
		{772133AC-4C6E-4E72-8AFD-F52622C4D0BE}.Debug|Any CPU.Build.0 = Debug|Any CPU
		{772133AC-4C6E-4E72-8AFD-F52622C4D0BE}.Release|Any CPU.ActiveCfg = Release|Any CPU
		{772133AC-4C6E-4E72-8AFD-F52622C4D0BE}.Release|Any CPU.Build.0 = Release|Any CPU
		{6648124A-31D9-45D5-A575-6B92FEEB3200}.Debug|Any CPU.ActiveCfg = Debug|Any CPU
		{6648124A-31D9-45D5-A575-6B92FEEB3200}.Debug|Any CPU.Build.0 = Debug|Any CPU
		{6648124A-31D9-45D5-A575-6B92FEEB3200}.Release|Any CPU.ActiveCfg = Release|Any CPU
		{6648124A-31D9-45D5-A575-6B92FEEB3200}.Release|Any CPU.Build.0 = Release|Any CPU
		{93C606D9-CF3F-4747-88A4-10A6A723462A}.Debug|Any CPU.ActiveCfg = Debug|Any CPU
		{93C606D9-CF3F-4747-88A4-10A6A723462A}.Debug|Any CPU.Build.0 = Debug|Any CPU
		{93C606D9-CF3F-4747-88A4-10A6A723462A}.Release|Any CPU.ActiveCfg = Release|Any CPU
		{93C606D9-CF3F-4747-88A4-10A6A723462A}.Release|Any CPU.Build.0 = Release|Any CPU
		{9FE66271-2003-4D9C-A90A-2A8EF6300508}.Debug|Any CPU.ActiveCfg = Debug|Any CPU
		{9FE66271-2003-4D9C-A90A-2A8EF6300508}.Debug|Any CPU.Build.0 = Debug|Any CPU
		{9FE66271-2003-4D9C-A90A-2A8EF6300508}.Release|Any CPU.ActiveCfg = Release|Any CPU
		{9FE66271-2003-4D9C-A90A-2A8EF6300508}.Release|Any CPU.Build.0 = Release|Any CPU
		{92DABC4D-95B7-4869-ABB9-8B5D453575FB}.Debug|Any CPU.ActiveCfg = Debug|Any CPU
		{92DABC4D-95B7-4869-ABB9-8B5D453575FB}.Debug|Any CPU.Build.0 = Debug|Any CPU
		{92DABC4D-95B7-4869-ABB9-8B5D453575FB}.Release|Any CPU.ActiveCfg = Release|Any CPU
		{92DABC4D-95B7-4869-ABB9-8B5D453575FB}.Release|Any CPU.Build.0 = Release|Any CPU
		{E4CB15FD-2BA9-47E9-84B5-8D7B18FF5B3F}.Debug|Any CPU.ActiveCfg = Debug|Any CPU
		{E4CB15FD-2BA9-47E9-84B5-8D7B18FF5B3F}.Debug|Any CPU.Build.0 = Debug|Any CPU
		{E4CB15FD-2BA9-47E9-84B5-8D7B18FF5B3F}.Release|Any CPU.ActiveCfg = Release|Any CPU
		{E4CB15FD-2BA9-47E9-84B5-8D7B18FF5B3F}.Release|Any CPU.Build.0 = Release|Any CPU
		{8E94FAF8-D9D4-47E2-A98A-7EB04643C6F1}.Debug|Any CPU.ActiveCfg = Debug|Any CPU
		{8E94FAF8-D9D4-47E2-A98A-7EB04643C6F1}.Debug|Any CPU.Build.0 = Debug|Any CPU
		{8E94FAF8-D9D4-47E2-A98A-7EB04643C6F1}.Release|Any CPU.ActiveCfg = Release|Any CPU
		{8E94FAF8-D9D4-47E2-A98A-7EB04643C6F1}.Release|Any CPU.Build.0 = Release|Any CPU
		{F129289B-8BD2-4B5F-84B6-B28FC3A3CDA5}.Debug|Any CPU.ActiveCfg = Debug|Any CPU
		{F129289B-8BD2-4B5F-84B6-B28FC3A3CDA5}.Debug|Any CPU.Build.0 = Debug|Any CPU
		{F129289B-8BD2-4B5F-84B6-B28FC3A3CDA5}.Release|Any CPU.ActiveCfg = Release|Any CPU
		{F129289B-8BD2-4B5F-84B6-B28FC3A3CDA5}.Release|Any CPU.Build.0 = Release|Any CPU
		{52F6F826-316F-40E1-883A-CCA7CCFAFEED}.Debug|Any CPU.ActiveCfg = Debug|Any CPU
		{52F6F826-316F-40E1-883A-CCA7CCFAFEED}.Debug|Any CPU.Build.0 = Debug|Any CPU
		{52F6F826-316F-40E1-883A-CCA7CCFAFEED}.Release|Any CPU.ActiveCfg = Release|Any CPU
		{52F6F826-316F-40E1-883A-CCA7CCFAFEED}.Release|Any CPU.Build.0 = Release|Any CPU
		{EFDB7CF6-E75D-407D-9E47-1AABA9F91A2D}.Debug|Any CPU.ActiveCfg = Debug|Any CPU
		{EFDB7CF6-E75D-407D-9E47-1AABA9F91A2D}.Debug|Any CPU.Build.0 = Debug|Any CPU
		{EFDB7CF6-E75D-407D-9E47-1AABA9F91A2D}.Release|Any CPU.ActiveCfg = Release|Any CPU
		{EFDB7CF6-E75D-407D-9E47-1AABA9F91A2D}.Release|Any CPU.Build.0 = Release|Any CPU
		{734C8A53-6980-4022-A9F8-71FDADFFEE50}.Debug|Any CPU.ActiveCfg = Debug|Any CPU
		{734C8A53-6980-4022-A9F8-71FDADFFEE50}.Debug|Any CPU.Build.0 = Debug|Any CPU
		{734C8A53-6980-4022-A9F8-71FDADFFEE50}.Release|Any CPU.ActiveCfg = Release|Any CPU
		{734C8A53-6980-4022-A9F8-71FDADFFEE50}.Release|Any CPU.Build.0 = Release|Any CPU
	EndGlobalSection
	GlobalSection(SolutionProperties) = preSolution
		HideSolutionNode = FALSE
	EndGlobalSection
	GlobalSection(NestedProjects) = preSolution
		{5BEF25E3-9B8F-4E67-8B95-5DD39520D60E} = {188781E4-56DE-428F-BCB8-AB3885C29E09}
		{6257C10F-74BB-4948-8BC1-3F867488044B} = {F2A0CB9A-0ED6-48CC-BF17-72832BC5561C}
		{D98D189A-C0C1-4BC4-B79F-DC2E872C2763} = {F2A0CB9A-0ED6-48CC-BF17-72832BC5561C}
		{1AC44EC2-6C35-491E-9DCB-48E1AAA53BD9} = {F2A0CB9A-0ED6-48CC-BF17-72832BC5561C}
		{2AD22933-1132-47CF-BA90-076588ACD1E1} = {F2A0CB9A-0ED6-48CC-BF17-72832BC5561C}
		{3721A66E-426F-4EC8-A360-4F97C95D6A03} = {F2A0CB9A-0ED6-48CC-BF17-72832BC5561C}
		{52F6F826-316F-40E1-883A-CCA7CCFAFEED} = {F2A0CB9A-0ED6-48CC-BF17-72832BC5561C}
		{EFDB7CF6-E75D-407D-9E47-1AABA9F91A2D} = {F2A0CB9A-0ED6-48CC-BF17-72832BC5561C}
		{C3090B7C-581B-45AF-9961-388260CC6B2E} = {F2A0CB9A-0ED6-48CC-BF17-72832BC5561C}
		{8541F0DD-C79A-48CD-972C-96BC7AD29AB8} = {2AD22933-1132-47CF-BA90-076588ACD1E1}
		{6648124A-31D9-45D5-A575-6B92FEEB3200} = {2AD22933-1132-47CF-BA90-076588ACD1E1}
		{9FE66271-2003-4D9C-A90A-2A8EF6300508} = {2AD22933-1132-47CF-BA90-076588ACD1E1}
		{F129289B-8BD2-4B5F-84B6-B28FC3A3CDA5} = {2AD22933-1132-47CF-BA90-076588ACD1E1}
		{B6D886F5-9107-445C-BCF5-D3E8D8E5AE25} = {2AD22933-1132-47CF-BA90-076588ACD1E1}
		{13627D1D-E8CE-4E14-A296-69C54BFCE3FA} = {BFD6A218-CA60-405F-BF00-FC92A2D6A44A}
		{8DE5C167-C52F-4B05-90E7-2A39175F9BF0} = {BFD6A218-CA60-405F-BF00-FC92A2D6A44A}
		{5AC1D61B-B9B3-4F5B-B3B4-CE20ADA55147} = {BFD6A218-CA60-405F-BF00-FC92A2D6A44A}
		{E4CB15FD-2BA9-47E9-84B5-8D7B18FF5B3F} = {BFD6A218-CA60-405F-BF00-FC92A2D6A44A}
		{253F4716-AFB9-4FE0-8E4E-278978C292BE} = {BFD6A218-CA60-405F-BF00-FC92A2D6A44A}
		{00377B2D-2B42-4E62-9E71-3E8DB82DE7F6} = {13627D1D-E8CE-4E14-A296-69C54BFCE3FA}
		{5CBA0518-887C-49F2-849D-2A8C3DF0D100} = {D7CA7219-9161-4959-AD10-6C2239E28F97}
		{DFDB0935-CACD-40B1-B5BD-58F382EA8319} = {D7CA7219-9161-4959-AD10-6C2239E28F97}
		{5FEA929B-DFB3-4449-837C-751BD9AC5773} = {D7CA7219-9161-4959-AD10-6C2239E28F97}
		{FC8261B2-7829-4496-8441-9EA004B950A8} = {DFDB0935-CACD-40B1-B5BD-58F382EA8319}
		{93C606D9-CF3F-4747-88A4-10A6A723462A} = {DFDB0935-CACD-40B1-B5BD-58F382EA8319}
		{97F77F11-3081-4088-AD82-68D84BC783F5} = {8DE5C167-C52F-4B05-90E7-2A39175F9BF0}
		{AB2A5F1B-B1EA-4730-B362-41822FCA9A7F} = {8DE5C167-C52F-4B05-90E7-2A39175F9BF0}
		{202B7542-B154-47DB-A4EA-2EF22BE47E0E} = {5AC1D61B-B9B3-4F5B-B3B4-CE20ADA55147}
		{772133AC-4C6E-4E72-8AFD-F52622C4D0BE} = {202B7542-B154-47DB-A4EA-2EF22BE47E0E}
		{92DABC4D-95B7-4869-ABB9-8B5D453575FB} = {AB2A5F1B-B1EA-4730-B362-41822FCA9A7F}
		{8E94FAF8-D9D4-47E2-A98A-7EB04643C6F1} = {253F4716-AFB9-4FE0-8E4E-278978C292BE}
		{734C8A53-6980-4022-A9F8-71FDADFFEE50} = {C3090B7C-581B-45AF-9961-388260CC6B2E}
	EndGlobalSection
EndGlobal
