
Microsoft Visual Studio Solution File, Format Version 12.00
# Visual Studio 2012
Project("{FAE04EC0-301F-11D3-BF4B-00C04F79EFBC}") = "OpenStory.Redirector", "Redirector\OpenStory.Redirector\OpenStory.Redirector.csproj", "{A3782277-E188-49A5-9D13-139A66FA1524}"
EndProject
Project("{FAE04EC0-301F-11D3-BF4B-00C04F79EFBC}") = "OpenStory", "Core\OpenStory\OpenStory.csproj", "{5BEF25E3-9B8F-4E67-8B95-5DD39520D60E}"
EndProject
Global
	GlobalSection(SolutionConfigurationPlatforms) = preSolution
		Debug|Any CPU = Debug|Any CPU
		Release|Any CPU = Release|Any CPU
	EndGlobalSection
	GlobalSection(ProjectConfigurationPlatforms) = postSolution
		{A3782277-E188-49A5-9D13-139A66FA1524}.Debug|Any CPU.ActiveCfg = Release|Any CPU
		{A3782277-E188-49A5-9D13-139A66FA1524}.Debug|Any CPU.Build.0 = Release|Any CPU
		{A3782277-E188-49A5-9D13-139A66FA1524}.Release|Any CPU.ActiveCfg = Release|Any CPU
		{A3782277-E188-49A5-9D13-139A66FA1524}.Release|Any CPU.Build.0 = Release|Any CPU
		{5BEF25E3-9B8F-4E67-8B95-5DD39520D60E}.Debug|Any CPU.ActiveCfg = Release|Any CPU
		{5BEF25E3-9B8F-4E67-8B95-5DD39520D60E}.Debug|Any CPU.Build.0 = Release|Any CPU
		{5BEF25E3-9B8F-4E67-8B95-5DD39520D60E}.Release|Any CPU.ActiveCfg = Release|Any CPU
		{5BEF25E3-9B8F-4E67-8B95-5DD39520D60E}.Release|Any CPU.Build.0 = Release|Any CPU
	EndGlobalSection
	GlobalSection(SolutionProperties) = preSolution
		HideSolutionNode = FALSE
	EndGlobalSection
EndGlobal
