
Microsoft Visual Studio Solution File, Format Version 12.00
# Visual Studio 2012
Project("{FAE04EC0-301F-11D3-BF4B-00C04F79EFBC}") = "OpenStory.Services", "Registry\OpenStory.Services\OpenStory.Services.csproj", "{A53768F4-B0EC-4873-A127-171A15B63663}"
EndProject
Project("{FAE04EC0-301F-11D3-BF4B-00C04F79EFBC}") = "OpenStory.Services.Registry", "Registry\OpenStory.Services.Registry\OpenStory.Services.Registry.csproj", "{6648124A-31D9-45D5-A575-6B92FEEB3200}"
EndProject
Global
	GlobalSection(SolutionConfigurationPlatforms) = preSolution
		Debug|Any CPU = Debug|Any CPU
		Release|Any CPU = Release|Any CPU
	EndGlobalSection
	GlobalSection(ProjectConfigurationPlatforms) = postSolution
		{A53768F4-B0EC-4873-A127-171A15B63663}.Debug|Any CPU.ActiveCfg = Debug|Any CPU
		{A53768F4-B0EC-4873-A127-171A15B63663}.Debug|Any CPU.Build.0 = Debug|Any CPU
		{A53768F4-B0EC-4873-A127-171A15B63663}.Release|Any CPU.ActiveCfg = Release|Any CPU
		{A53768F4-B0EC-4873-A127-171A15B63663}.Release|Any CPU.Build.0 = Release|Any CPU
		{6648124A-31D9-45D5-A575-6B92FEEB3200}.Debug|Any CPU.ActiveCfg = Debug|Any CPU
		{6648124A-31D9-45D5-A575-6B92FEEB3200}.Debug|Any CPU.Build.0 = Debug|Any CPU
		{6648124A-31D9-45D5-A575-6B92FEEB3200}.Release|Any CPU.ActiveCfg = Release|Any CPU
		{6648124A-31D9-45D5-A575-6B92FEEB3200}.Release|Any CPU.Build.0 = Release|Any CPU
	EndGlobalSection
	GlobalSection(SolutionProperties) = preSolution
		HideSolutionNode = FALSE
	EndGlobalSection
EndGlobal
