
Microsoft Visual Studio Solution File, Format Version 12.00
# Visual Studio 2012
Project("{FAE04EC0-301F-11D3-BF4B-00C04F79EFBC}") = "OpenStory", "Core\OpenStory\OpenStory.csproj", "{5BEF25E3-9B8F-4E67-8B95-5DD39520D60E}"
EndProject
Global
	GlobalSection(SolutionConfigurationPlatforms) = preSolution
		Debug|x86 = Debug|x86
		Release|x86 = Release|x86
	EndGlobalSection
	GlobalSection(ProjectConfigurationPlatforms) = postSolution
		{5BEF25E3-9B8F-4E67-8B95-5DD39520D60E}.Debug|x86.ActiveCfg = Debug|Any CPU
		{5BEF25E3-9B8F-4E67-8B95-5DD39520D60E}.Release|x86.ActiveCfg = Release|Any CPU
	EndGlobalSection
	GlobalSection(SolutionProperties) = preSolution
		HideSolutionNode = FALSE
	EndGlobalSection
EndGlobal
