
Microsoft Visual Studio Solution File, Format Version 12.00
# Visual Studio 2012
Project("{FAE04EC0-301F-11D3-BF4B-00C04F79EFBC}") = "OpenStory.Tests", "OpenStory.Tests\OpenStory.Tests.csproj", "{DA8C97E1-04B3-404A-82A7-E3A91F820D81}"
EndProject
Project("{FAE04EC0-301F-11D3-BF4B-00C04F79EFBC}") = "OpenStory", "..\Core\OpenStory\OpenStory.csproj", "{5BEF25E3-9B8F-4E67-8B95-5DD39520D60E}"
EndProject
Project("{2150E333-8FDC-42A3-9474-1A3956D46DE8}") = "Targets", "Targets", "{9794D1C6-C457-41A1-98B4-CBF367E6EE12}"
EndProject
Project("{2150E333-8FDC-42A3-9474-1A3956D46DE8}") = "Tests", "Tests", "{DC7AEEED-5040-4BEB-9D9D-9CA084BCB400}"
EndProject
Project("{FAE04EC0-301F-11D3-BF4B-00C04F79EFBC}") = "OpenStory.IntegrationTests", "OpenStory.IntegrationTests\OpenStory.IntegrationTests.csproj", "{4EB62B37-0664-492D-8DC4-E1A65A23A415}"
EndProject
Project("{FAE04EC0-301F-11D3-BF4B-00C04F79EFBC}") = "OpenStory.Server", "..\Server\OpenStory.Server\OpenStory.Server.csproj", "{3721A66E-426F-4EC8-A360-4F97C95D6A03}"
EndProject
Project("{FAE04EC0-301F-11D3-BF4B-00C04F79EFBC}") = "OpenStory.Services", "..\Registry\OpenStory.Services\OpenStory.Services.csproj", "{A53768F4-B0EC-4873-A127-171A15B63663}"
EndProject
Project("{FAE04EC0-301F-11D3-BF4B-00C04F79EFBC}") = "OpenStory.Services.Registry", "..\Registry\OpenStory.Services.Registry\OpenStory.Services.Registry.csproj", "{6648124A-31D9-45D5-A575-6B92FEEB3200}"
EndProject
Project("{FAE04EC0-301F-11D3-BF4B-00C04F79EFBC}") = "OpenStory.Services.Account", "..\Server\OpenStory.Services.Accounts\OpenStory.Services.Account.csproj", "{B6D886F5-9107-445C-BCF5-D3E8D8E5AE25}"
EndProject
Project("{FAE04EC0-301F-11D3-BF4B-00C04F79EFBC}") = "OpenStory.Services.Auth", "..\Server\OpenStory.Services.Auth\OpenStory.Services.Auth.csproj", "{8541F0DD-C79A-48CD-972C-96BC7AD29AB8}"
EndProject
Global
	GlobalSection(SolutionConfigurationPlatforms) = preSolution
		Debug|Any CPU = Debug|Any CPU
		Release|Any CPU = Release|Any CPU
	EndGlobalSection
	GlobalSection(ProjectConfigurationPlatforms) = postSolution
		{DA8C97E1-04B3-404A-82A7-E3A91F820D81}.Debug|Any CPU.ActiveCfg = Debug|Any CPU
		{DA8C97E1-04B3-404A-82A7-E3A91F820D81}.Debug|Any CPU.Build.0 = Debug|Any CPU
		{DA8C97E1-04B3-404A-82A7-E3A91F820D81}.Release|Any CPU.ActiveCfg = Release|Any CPU
		{DA8C97E1-04B3-404A-82A7-E3A91F820D81}.Release|Any CPU.Build.0 = Release|Any CPU
		{5BEF25E3-9B8F-4E67-8B95-5DD39520D60E}.Debug|Any CPU.ActiveCfg = Debug|Any CPU
		{5BEF25E3-9B8F-4E67-8B95-5DD39520D60E}.Debug|Any CPU.Build.0 = Debug|Any CPU
		{5BEF25E3-9B8F-4E67-8B95-5DD39520D60E}.Release|Any CPU.ActiveCfg = Release|Any CPU
		{5BEF25E3-9B8F-4E67-8B95-5DD39520D60E}.Release|Any CPU.Build.0 = Release|Any CPU
		{4EB62B37-0664-492D-8DC4-E1A65A23A415}.Debug|Any CPU.ActiveCfg = Debug|Any CPU
		{4EB62B37-0664-492D-8DC4-E1A65A23A415}.Debug|Any CPU.Build.0 = Debug|Any CPU
		{4EB62B37-0664-492D-8DC4-E1A65A23A415}.Release|Any CPU.ActiveCfg = Release|Any CPU
		{4EB62B37-0664-492D-8DC4-E1A65A23A415}.Release|Any CPU.Build.0 = Release|Any CPU
		{3721A66E-426F-4EC8-A360-4F97C95D6A03}.Debug|Any CPU.ActiveCfg = Debug|Any CPU
		{3721A66E-426F-4EC8-A360-4F97C95D6A03}.Debug|Any CPU.Build.0 = Debug|Any CPU
		{3721A66E-426F-4EC8-A360-4F97C95D6A03}.Release|Any CPU.ActiveCfg = Release|Any CPU
		{3721A66E-426F-4EC8-A360-4F97C95D6A03}.Release|Any CPU.Build.0 = Release|Any CPU
		{A53768F4-B0EC-4873-A127-171A15B63663}.Debug|Any CPU.ActiveCfg = Debug|Any CPU
		{A53768F4-B0EC-4873-A127-171A15B63663}.Debug|Any CPU.Build.0 = Debug|Any CPU
		{A53768F4-B0EC-4873-A127-171A15B63663}.Release|Any CPU.ActiveCfg = Release|Any CPU
		{A53768F4-B0EC-4873-A127-171A15B63663}.Release|Any CPU.Build.0 = Release|Any CPU
		{6648124A-31D9-45D5-A575-6B92FEEB3200}.Debug|Any CPU.ActiveCfg = Debug|Any CPU
		{6648124A-31D9-45D5-A575-6B92FEEB3200}.Debug|Any CPU.Build.0 = Debug|Any CPU
		{6648124A-31D9-45D5-A575-6B92FEEB3200}.Release|Any CPU.ActiveCfg = Release|Any CPU
		{6648124A-31D9-45D5-A575-6B92FEEB3200}.Release|Any CPU.Build.0 = Release|Any CPU
		{B6D886F5-9107-445C-BCF5-D3E8D8E5AE25}.Debug|Any CPU.ActiveCfg = Debug|Any CPU
		{B6D886F5-9107-445C-BCF5-D3E8D8E5AE25}.Debug|Any CPU.Build.0 = Debug|Any CPU
		{B6D886F5-9107-445C-BCF5-D3E8D8E5AE25}.Release|Any CPU.ActiveCfg = Release|Any CPU
		{B6D886F5-9107-445C-BCF5-D3E8D8E5AE25}.Release|Any CPU.Build.0 = Release|Any CPU
		{8541F0DD-C79A-48CD-972C-96BC7AD29AB8}.Debug|Any CPU.ActiveCfg = Debug|Any CPU
		{8541F0DD-C79A-48CD-972C-96BC7AD29AB8}.Debug|Any CPU.Build.0 = Debug|Any CPU
		{8541F0DD-C79A-48CD-972C-96BC7AD29AB8}.Release|Any CPU.ActiveCfg = Release|Any CPU
		{8541F0DD-C79A-48CD-972C-96BC7AD29AB8}.Release|Any CPU.Build.0 = Release|Any CPU
	EndGlobalSection
	GlobalSection(SolutionProperties) = preSolution
		HideSolutionNode = FALSE
	EndGlobalSection
	GlobalSection(NestedProjects) = preSolution
		{5BEF25E3-9B8F-4E67-8B95-5DD39520D60E} = {9794D1C6-C457-41A1-98B4-CBF367E6EE12}
		{3721A66E-426F-4EC8-A360-4F97C95D6A03} = {9794D1C6-C457-41A1-98B4-CBF367E6EE12}
		{A53768F4-B0EC-4873-A127-171A15B63663} = {9794D1C6-C457-41A1-98B4-CBF367E6EE12}
		{6648124A-31D9-45D5-A575-6B92FEEB3200} = {9794D1C6-C457-41A1-98B4-CBF367E6EE12}
		{B6D886F5-9107-445C-BCF5-D3E8D8E5AE25} = {9794D1C6-C457-41A1-98B4-CBF367E6EE12}
		{8541F0DD-C79A-48CD-972C-96BC7AD29AB8} = {9794D1C6-C457-41A1-98B4-CBF367E6EE12}
		{DA8C97E1-04B3-404A-82A7-E3A91F820D81} = {DC7AEEED-5040-4BEB-9D9D-9CA084BCB400}
		{4EB62B37-0664-492D-8DC4-E1A65A23A415} = {DC7AEEED-5040-4BEB-9D9D-9CA084BCB400}
	EndGlobalSection
EndGlobal
